// !$*UTF8*$!
{
	archiveVersion = 1;
	classes = {
	};
	objectVersion = 55;
	objects = {

/* Begin PBXBuildFile section */
		984107A9288EBB7C00F7D17F /* ResultVIewController.swift in Sources */ = {isa = PBXBuildFile; fileRef = 984107A8288EBB7C00F7D17F /* ResultVIewController.swift */; };
		984107AB288EC0F300F7D17F /* ResultViewModel.swift in Sources */ = {isa = PBXBuildFile; fileRef = 984107AA288EC0F300F7D17F /* ResultViewModel.swift */; };
		984107AE288EC83500F7D17F /* GameFlow.swift in Sources */ = {isa = PBXBuildFile; fileRef = 984107AD288EC83500F7D17F /* GameFlow.swift */; };
		984107B0288ECA0F00F7D17F /* GameUIComposer.swift in Sources */ = {isa = PBXBuildFile; fileRef = 984107AF288ECA0F00F7D17F /* GameUIComposer.swift */; };
		984107B4288EDEFA00F7D17F /* Constants.swift in Sources */ = {isa = PBXBuildFile; fileRef = 984107B3288EDEFA00F7D17F /* Constants.swift */; };
		9874AB28288BCB6200CC370D /* AppDelegate.swift in Sources */ = {isa = PBXBuildFile; fileRef = 9874AB27288BCB6200CC370D /* AppDelegate.swift */; };
		9874AB2A288BCB6200CC370D /* SceneDelegate.swift in Sources */ = {isa = PBXBuildFile; fileRef = 9874AB29288BCB6200CC370D /* SceneDelegate.swift */; };
		9874AB2C288BCB6200CC370D /* GameViewController.swift in Sources */ = {isa = PBXBuildFile; fileRef = 9874AB2B288BCB6200CC370D /* GameViewController.swift */; };
		9874AB31288BCB6400CC370D /* Assets.xcassets in Resources */ = {isa = PBXBuildFile; fileRef = 9874AB30288BCB6400CC370D /* Assets.xcassets */; };
		9874AB49288BCB6400CC370D /* TranslateItAppUITests.swift in Sources */ = {isa = PBXBuildFile; fileRef = 9874AB48288BCB6400CC370D /* TranslateItAppUITests.swift */; };
		9874AB58288BCDC100CC370D /* README.md in Resources */ = {isa = PBXBuildFile; fileRef = 9874AB57288BCDC100CC370D /* README.md */; };
		9874AB5B288BCF0000CC370D /* words.json in Resources */ = {isa = PBXBuildFile; fileRef = 9874AB5A288BCF0000CC370D /* words.json */; };
		9874AB5E288BCFAA00CC370D /* WordListLoader.swift in Sources */ = {isa = PBXBuildFile; fileRef = 9874AB5D288BCFAA00CC370D /* WordListLoader.swift */; };
		9874AB60288BD06300CC370D /* WordPair.swift in Sources */ = {isa = PBXBuildFile; fileRef = 9874AB5F288BD06300CC370D /* WordPair.swift */; };
		9874AB62288BD25E00CC370D /* LocalWordsLoader.swift in Sources */ = {isa = PBXBuildFile; fileRef = 9874AB61288BD25E00CC370D /* LocalWordsLoader.swift */; };
		9874AB64288BD69C00CC370D /* WordsMapper.swift in Sources */ = {isa = PBXBuildFile; fileRef = 9874AB63288BD69C00CC370D /* WordsMapper.swift */; };
		9874AB6A288BEDC600CC370D /* GameDataProvider.swift in Sources */ = {isa = PBXBuildFile; fileRef = 9874AB69288BEDC600CC370D /* GameDataProvider.swift */; };
		9874AB6D288C034600CC370D /* GameViewModel.swift in Sources */ = {isa = PBXBuildFile; fileRef = 9874AB6C288C034600CC370D /* GameViewModel.swift */; };
		9874AB6F288C038900CC370D /* GameData.swift in Sources */ = {isa = PBXBuildFile; fileRef = 9874AB6E288C038900CC370D /* GameData.swift */; };
		9874AB71288C03D600CC370D /* GameState.swift in Sources */ = {isa = PBXBuildFile; fileRef = 9874AB70288C03D600CC370D /* GameState.swift */; };
		9874AB74288C1B5800CC370D /* WordsMapperTests.swift in Sources */ = {isa = PBXBuildFile; fileRef = 9874AB73288C1B5800CC370D /* WordsMapperTests.swift */; };
		98994D0F288EFBC300E76EEA /* SceneDelegateTests.swift in Sources */ = {isa = PBXBuildFile; fileRef = 98994D0E288EFBC300E76EEA /* SceneDelegateTests.swift */; };
		98994D12288EFF8F00E76EEA /* ResultViewModelTests.swift in Sources */ = {isa = PBXBuildFile; fileRef = 98994D11288EFF8F00E76EEA /* ResultViewModelTests.swift */; };
		98994D14288F02BB00E76EEA /* LocalWordsLoaderTests.swift in Sources */ = {isa = PBXBuildFile; fileRef = 98994D13288F02BB00E76EEA /* LocalWordsLoaderTests.swift */; };
		98994D17288F033E00E76EEA /* test_words.json in Resources */ = {isa = PBXBuildFile; fileRef = 98994D16288F033900E76EEA /* test_words.json */; };
		98BC7961288D3AD60048892E /* GameViewModelTests.swift in Sources */ = {isa = PBXBuildFile; fileRef = 98BC7960288D3AD60048892E /* GameViewModelTests.swift */; };
		B3CA81BB0B6F6A0D7CA46CC7 /* Pods_TranslateItAppTests.framework in Frameworks */ = {isa = PBXBuildFile; fileRef = 2DA9AD1255B438791BCF0181 /* Pods_TranslateItAppTests.framework */; };
		D015F0B45CD6B476335AEF63 /* Pods_TranslateItApp_TranslateItAppUITests.framework in Frameworks */ = {isa = PBXBuildFile; fileRef = 5C40D5301719F45BCB2D276C /* Pods_TranslateItApp_TranslateItAppUITests.framework */; };
		D02FE367053D008B53344DC3 /* Pods_TranslateItApp.framework in Frameworks */ = {isa = PBXBuildFile; fileRef = F7D6CDEAB36B563A4DC9ABAE /* Pods_TranslateItApp.framework */; };
/* End PBXBuildFile section */

/* Begin PBXContainerItemProxy section */
		9874AB3B288BCB6400CC370D /* PBXContainerItemProxy */ = {
			isa = PBXContainerItemProxy;
			containerPortal = 9874AB1C288BCB6200CC370D /* Project object */;
			proxyType = 1;
			remoteGlobalIDString = 9874AB23288BCB6200CC370D;
			remoteInfo = TranslateItApp;
		};
		9874AB45288BCB6400CC370D /* PBXContainerItemProxy */ = {
			isa = PBXContainerItemProxy;
			containerPortal = 9874AB1C288BCB6200CC370D /* Project object */;
			proxyType = 1;
			remoteGlobalIDString = 9874AB23288BCB6200CC370D;
			remoteInfo = TranslateItApp;
		};
/* End PBXContainerItemProxy section */

/* Begin PBXFileReference section */
		047D487609862EAFD565984B /* Pods-TranslateItAppTests.debug.xcconfig */ = {isa = PBXFileReference; includeInIndex = 1; lastKnownFileType = text.xcconfig; name = "Pods-TranslateItAppTests.debug.xcconfig"; path = "Target Support Files/Pods-TranslateItAppTests/Pods-TranslateItAppTests.debug.xcconfig"; sourceTree = "<group>"; };
		2DA9AD1255B438791BCF0181 /* Pods_TranslateItAppTests.framework */ = {isa = PBXFileReference; explicitFileType = wrapper.framework; includeInIndex = 0; path = Pods_TranslateItAppTests.framework; sourceTree = BUILT_PRODUCTS_DIR; };
		4CC0610D2F8086E9A628F43B /* Pods-TranslateItApp-TranslateItAppUITests.release.xcconfig */ = {isa = PBXFileReference; includeInIndex = 1; lastKnownFileType = text.xcconfig; name = "Pods-TranslateItApp-TranslateItAppUITests.release.xcconfig"; path = "Target Support Files/Pods-TranslateItApp-TranslateItAppUITests/Pods-TranslateItApp-TranslateItAppUITests.release.xcconfig"; sourceTree = "<group>"; };
		5C40D5301719F45BCB2D276C /* Pods_TranslateItApp_TranslateItAppUITests.framework */ = {isa = PBXFileReference; explicitFileType = wrapper.framework; includeInIndex = 0; path = Pods_TranslateItApp_TranslateItAppUITests.framework; sourceTree = BUILT_PRODUCTS_DIR; };
		984107A8288EBB7C00F7D17F /* ResultVIewController.swift */ = {isa = PBXFileReference; lastKnownFileType = sourcecode.swift; path = ResultVIewController.swift; sourceTree = "<group>"; };
		984107AA288EC0F300F7D17F /* ResultViewModel.swift */ = {isa = PBXFileReference; lastKnownFileType = sourcecode.swift; path = ResultViewModel.swift; sourceTree = "<group>"; };
		984107AD288EC83500F7D17F /* GameFlow.swift */ = {isa = PBXFileReference; lastKnownFileType = sourcecode.swift; path = GameFlow.swift; sourceTree = "<group>"; };
		984107AF288ECA0F00F7D17F /* GameUIComposer.swift */ = {isa = PBXFileReference; lastKnownFileType = sourcecode.swift; path = GameUIComposer.swift; sourceTree = "<group>"; };
		984107B3288EDEFA00F7D17F /* Constants.swift */ = {isa = PBXFileReference; lastKnownFileType = sourcecode.swift; path = Constants.swift; sourceTree = "<group>"; };
		9874AB24288BCB6200CC370D /* TranslateItApp.app */ = {isa = PBXFileReference; explicitFileType = wrapper.application; includeInIndex = 0; path = TranslateItApp.app; sourceTree = BUILT_PRODUCTS_DIR; };
		9874AB27288BCB6200CC370D /* AppDelegate.swift */ = {isa = PBXFileReference; lastKnownFileType = sourcecode.swift; path = AppDelegate.swift; sourceTree = "<group>"; };
		9874AB29288BCB6200CC370D /* SceneDelegate.swift */ = {isa = PBXFileReference; lastKnownFileType = sourcecode.swift; path = SceneDelegate.swift; sourceTree = "<group>"; };
		9874AB2B288BCB6200CC370D /* GameViewController.swift */ = {isa = PBXFileReference; lastKnownFileType = sourcecode.swift; path = GameViewController.swift; sourceTree = "<group>"; };
		9874AB30288BCB6400CC370D /* Assets.xcassets */ = {isa = PBXFileReference; lastKnownFileType = folder.assetcatalog; path = Assets.xcassets; sourceTree = "<group>"; };
		9874AB35288BCB6400CC370D /* Info.plist */ = {isa = PBXFileReference; lastKnownFileType = text.plist.xml; path = Info.plist; sourceTree = "<group>"; };
		9874AB3A288BCB6400CC370D /* TranslateItAppTests.xctest */ = {isa = PBXFileReference; explicitFileType = wrapper.cfbundle; includeInIndex = 0; path = TranslateItAppTests.xctest; sourceTree = BUILT_PRODUCTS_DIR; };
		9874AB44288BCB6400CC370D /* TranslateItAppUITests.xctest */ = {isa = PBXFileReference; explicitFileType = wrapper.cfbundle; includeInIndex = 0; path = TranslateItAppUITests.xctest; sourceTree = BUILT_PRODUCTS_DIR; };
		9874AB48288BCB6400CC370D /* TranslateItAppUITests.swift */ = {isa = PBXFileReference; lastKnownFileType = sourcecode.swift; path = TranslateItAppUITests.swift; sourceTree = "<group>"; };
		9874AB57288BCDC100CC370D /* README.md */ = {isa = PBXFileReference; fileEncoding = 4; lastKnownFileType = net.daringfireball.markdown; path = README.md; sourceTree = "<group>"; };
		9874AB5A288BCF0000CC370D /* words.json */ = {isa = PBXFileReference; fileEncoding = 4; lastKnownFileType = text.json; path = words.json; sourceTree = "<group>"; };
		9874AB5D288BCFAA00CC370D /* WordListLoader.swift */ = {isa = PBXFileReference; lastKnownFileType = sourcecode.swift; path = WordListLoader.swift; sourceTree = "<group>"; };
		9874AB5F288BD06300CC370D /* WordPair.swift */ = {isa = PBXFileReference; lastKnownFileType = sourcecode.swift; path = WordPair.swift; sourceTree = "<group>"; };
		9874AB61288BD25E00CC370D /* LocalWordsLoader.swift */ = {isa = PBXFileReference; lastKnownFileType = sourcecode.swift; path = LocalWordsLoader.swift; sourceTree = "<group>"; };
		9874AB63288BD69C00CC370D /* WordsMapper.swift */ = {isa = PBXFileReference; lastKnownFileType = sourcecode.swift; path = WordsMapper.swift; sourceTree = "<group>"; };
		9874AB69288BEDC600CC370D /* GameDataProvider.swift */ = {isa = PBXFileReference; lastKnownFileType = sourcecode.swift; path = GameDataProvider.swift; sourceTree = "<group>"; };
		9874AB6C288C034600CC370D /* GameViewModel.swift */ = {isa = PBXFileReference; lastKnownFileType = sourcecode.swift; path = GameViewModel.swift; sourceTree = "<group>"; };
		9874AB6E288C038900CC370D /* GameData.swift */ = {isa = PBXFileReference; lastKnownFileType = sourcecode.swift; path = GameData.swift; sourceTree = "<group>"; };
		9874AB70288C03D600CC370D /* GameState.swift */ = {isa = PBXFileReference; lastKnownFileType = sourcecode.swift; path = GameState.swift; sourceTree = "<group>"; };
		9874AB73288C1B5800CC370D /* WordsMapperTests.swift */ = {isa = PBXFileReference; lastKnownFileType = sourcecode.swift; path = WordsMapperTests.swift; sourceTree = "<group>"; };
		98994D0E288EFBC300E76EEA /* SceneDelegateTests.swift */ = {isa = PBXFileReference; lastKnownFileType = sourcecode.swift; path = SceneDelegateTests.swift; sourceTree = "<group>"; };
		98994D11288EFF8F00E76EEA /* ResultViewModelTests.swift */ = {isa = PBXFileReference; lastKnownFileType = sourcecode.swift; path = ResultViewModelTests.swift; sourceTree = "<group>"; };
		98994D13288F02BB00E76EEA /* LocalWordsLoaderTests.swift */ = {isa = PBXFileReference; lastKnownFileType = sourcecode.swift; path = LocalWordsLoaderTests.swift; sourceTree = "<group>"; };
		98994D16288F033900E76EEA /* test_words.json */ = {isa = PBXFileReference; lastKnownFileType = text.json; path = test_words.json; sourceTree = "<group>"; };
		98BC7960288D3AD60048892E /* GameViewModelTests.swift */ = {isa = PBXFileReference; lastKnownFileType = sourcecode.swift; path = GameViewModelTests.swift; sourceTree = "<group>"; };
		9B7AFBC125AEA92E3A637591 /* Pods-TranslateItApp.release.xcconfig */ = {isa = PBXFileReference; includeInIndex = 1; lastKnownFileType = text.xcconfig; name = "Pods-TranslateItApp.release.xcconfig"; path = "Target Support Files/Pods-TranslateItApp/Pods-TranslateItApp.release.xcconfig"; sourceTree = "<group>"; };
		9CEBAEA74877631A8B3BA921 /* Pods-TranslateItApp.debug.xcconfig */ = {isa = PBXFileReference; includeInIndex = 1; lastKnownFileType = text.xcconfig; name = "Pods-TranslateItApp.debug.xcconfig"; path = "Target Support Files/Pods-TranslateItApp/Pods-TranslateItApp.debug.xcconfig"; sourceTree = "<group>"; };
		B33331B5D364824DC26CE91D /* Pods-TranslateItAppTests.release.xcconfig */ = {isa = PBXFileReference; includeInIndex = 1; lastKnownFileType = text.xcconfig; name = "Pods-TranslateItAppTests.release.xcconfig"; path = "Target Support Files/Pods-TranslateItAppTests/Pods-TranslateItAppTests.release.xcconfig"; sourceTree = "<group>"; };
		ED809BD66002D3FA6CFD5517 /* Pods-TranslateItApp-TranslateItAppUITests.debug.xcconfig */ = {isa = PBXFileReference; includeInIndex = 1; lastKnownFileType = text.xcconfig; name = "Pods-TranslateItApp-TranslateItAppUITests.debug.xcconfig"; path = "Target Support Files/Pods-TranslateItApp-TranslateItAppUITests/Pods-TranslateItApp-TranslateItAppUITests.debug.xcconfig"; sourceTree = "<group>"; };
		F7D6CDEAB36B563A4DC9ABAE /* Pods_TranslateItApp.framework */ = {isa = PBXFileReference; explicitFileType = wrapper.framework; includeInIndex = 0; path = Pods_TranslateItApp.framework; sourceTree = BUILT_PRODUCTS_DIR; };
/* End PBXFileReference section */

/* Begin PBXFrameworksBuildPhase section */
		9874AB21288BCB6200CC370D /* Frameworks */ = {
			isa = PBXFrameworksBuildPhase;
			buildActionMask = 2147483647;
			files = (
				D02FE367053D008B53344DC3 /* Pods_TranslateItApp.framework in Frameworks */,
			);
			runOnlyForDeploymentPostprocessing = 0;
		};
		9874AB37288BCB6400CC370D /* Frameworks */ = {
			isa = PBXFrameworksBuildPhase;
			buildActionMask = 2147483647;
			files = (
				B3CA81BB0B6F6A0D7CA46CC7 /* Pods_TranslateItAppTests.framework in Frameworks */,
			);
			runOnlyForDeploymentPostprocessing = 0;
		};
		9874AB41288BCB6400CC370D /* Frameworks */ = {
			isa = PBXFrameworksBuildPhase;
			buildActionMask = 2147483647;
			files = (
				D015F0B45CD6B476335AEF63 /* Pods_TranslateItApp_TranslateItAppUITests.framework in Frameworks */,
			);
			runOnlyForDeploymentPostprocessing = 0;
		};
/* End PBXFrameworksBuildPhase section */

/* Begin PBXGroup section */
		2D94EFF00298A830DA28D4F6 /* Frameworks */ = {
			isa = PBXGroup;
			children = (
				F7D6CDEAB36B563A4DC9ABAE /* Pods_TranslateItApp.framework */,
				5C40D5301719F45BCB2D276C /* Pods_TranslateItApp_TranslateItAppUITests.framework */,
				2DA9AD1255B438791BCF0181 /* Pods_TranslateItAppTests.framework */,
			);
			name = Frameworks;
			sourceTree = "<group>";
		};
		7E79885E6553C200715159F0 /* Pods */ = {
			isa = PBXGroup;
			children = (
				9CEBAEA74877631A8B3BA921 /* Pods-TranslateItApp.debug.xcconfig */,
				9B7AFBC125AEA92E3A637591 /* Pods-TranslateItApp.release.xcconfig */,
				ED809BD66002D3FA6CFD5517 /* Pods-TranslateItApp-TranslateItAppUITests.debug.xcconfig */,
				4CC0610D2F8086E9A628F43B /* Pods-TranslateItApp-TranslateItAppUITests.release.xcconfig */,
				047D487609862EAFD565984B /* Pods-TranslateItAppTests.debug.xcconfig */,
				B33331B5D364824DC26CE91D /* Pods-TranslateItAppTests.release.xcconfig */,
			);
			path = Pods;
			sourceTree = "<group>";
		};
		984107A7288EBB7200F7D17F /* Result */ = {
			isa = PBXGroup;
			children = (
				984107A8288EBB7C00F7D17F /* ResultVIewController.swift */,
				984107AA288EC0F300F7D17F /* ResultViewModel.swift */,
			);
			path = Result;
			sourceTree = "<group>";
		};
		984107AC288EC82400F7D17F /* Main */ = {
			isa = PBXGroup;
			children = (
				9874AB27288BCB6200CC370D /* AppDelegate.swift */,
				9874AB29288BCB6200CC370D /* SceneDelegate.swift */,
				984107AD288EC83500F7D17F /* GameFlow.swift */,
				984107AF288ECA0F00F7D17F /* GameUIComposer.swift */,
			);
			path = Main;
			sourceTree = "<group>";
		};
		984107B1288ED4AD00F7D17F /* Resources */ = {
			isa = PBXGroup;
			children = (
				9874AB30288BCB6400CC370D /* Assets.xcassets */,
				9874AB5A288BCF0000CC370D /* words.json */,
			);
			path = Resources;
			sourceTree = "<group>";
		};
		984107B2288EDEEE00F7D17F /* Global */ = {
			isa = PBXGroup;
			children = (
				984107B3288EDEFA00F7D17F /* Constants.swift */,
			);
			path = Global;
			sourceTree = "<group>";
		};
		9874AB1B288BCB6200CC370D = {
			isa = PBXGroup;
			children = (
				9874AB57288BCDC100CC370D /* README.md */,
				9874AB26288BCB6200CC370D /* TranslateItApp */,
				9874AB3D288BCB6400CC370D /* TranslateItAppTests */,
				9874AB47288BCB6400CC370D /* TranslateItAppUITests */,
				9874AB25288BCB6200CC370D /* Products */,
				7E79885E6553C200715159F0 /* Pods */,
				2D94EFF00298A830DA28D4F6 /* Frameworks */,
			);
			sourceTree = "<group>";
		};
		9874AB25288BCB6200CC370D /* Products */ = {
			isa = PBXGroup;
			children = (
				9874AB24288BCB6200CC370D /* TranslateItApp.app */,
				9874AB3A288BCB6400CC370D /* TranslateItAppTests.xctest */,
				9874AB44288BCB6400CC370D /* TranslateItAppUITests.xctest */,
			);
			name = Products;
			sourceTree = "<group>";
		};
		9874AB26288BCB6200CC370D /* TranslateItApp */ = {
			isa = PBXGroup;
			children = (
				984107B2288EDEEE00F7D17F /* Global */,
				984107B1288ED4AD00F7D17F /* Resources */,
				984107AC288EC82400F7D17F /* Main */,
				9874AB5C288BCF7700CC370D /* Domain */,
				9874AB59288BCEDE00CC370D /* Services */,
				9874AB65288BD89600CC370D /* UI */,
				9874AB35288BCB6400CC370D /* Info.plist */,
			);
			path = TranslateItApp;
			sourceTree = "<group>";
		};
		9874AB3D288BCB6400CC370D /* TranslateItAppTests */ = {
			isa = PBXGroup;
			children = (
				98994D15288F032900E76EEA /* Resources */,
				98994D0D288EFBB300E76EEA /* Main */,
				98BC795E288D3AB30048892E /* UI */,
				9874AB72288C1B4100CC370D /* Services */,
			);
			path = TranslateItAppTests;
			sourceTree = "<group>";
		};
		9874AB47288BCB6400CC370D /* TranslateItAppUITests */ = {
			isa = PBXGroup;
			children = (
				9874AB48288BCB6400CC370D /* TranslateItAppUITests.swift */,
			);
			path = TranslateItAppUITests;
			sourceTree = "<group>";
		};
		9874AB59288BCEDE00CC370D /* Services */ = {
			isa = PBXGroup;
			children = (
				9874AB69288BEDC600CC370D /* GameDataProvider.swift */,
				9874AB61288BD25E00CC370D /* LocalWordsLoader.swift */,
				9874AB63288BD69C00CC370D /* WordsMapper.swift */,
			);
			path = Services;
			sourceTree = "<group>";
		};
		9874AB5C288BCF7700CC370D /* Domain */ = {
			isa = PBXGroup;
			children = (
				9874AB5D288BCFAA00CC370D /* WordListLoader.swift */,
				9874AB5F288BD06300CC370D /* WordPair.swift */,
			);
			path = Domain;
			sourceTree = "<group>";
		};
		9874AB65288BD89600CC370D /* UI */ = {
			isa = PBXGroup;
			children = (
				9874AB6B288C032E00CC370D /* Game */,
				984107A7288EBB7200F7D17F /* Result */,
			);
			path = UI;
			sourceTree = "<group>";
		};
		9874AB6B288C032E00CC370D /* Game */ = {
			isa = PBXGroup;
			children = (
				9874AB2B288BCB6200CC370D /* GameViewController.swift */,
				9874AB6C288C034600CC370D /* GameViewModel.swift */,
				9874AB6E288C038900CC370D /* GameData.swift */,
				9874AB70288C03D600CC370D /* GameState.swift */,
			);
			path = Game;
			sourceTree = "<group>";
		};
		9874AB72288C1B4100CC370D /* Services */ = {
			isa = PBXGroup;
			children = (
				9874AB73288C1B5800CC370D /* WordsMapperTests.swift */,
				98994D13288F02BB00E76EEA /* LocalWordsLoaderTests.swift */,
			);
			path = Services;
			sourceTree = "<group>";
		};
		98994D0D288EFBB300E76EEA /* Main */ = {
			isa = PBXGroup;
			children = (
				98994D0E288EFBC300E76EEA /* SceneDelegateTests.swift */,
			);
			path = Main;
			sourceTree = "<group>";
		};
		98994D10288EFF7800E76EEA /* Result */ = {
			isa = PBXGroup;
			children = (
				98994D11288EFF8F00E76EEA /* ResultViewModelTests.swift */,
			);
			path = Result;
			sourceTree = "<group>";
		};
		98994D15288F032900E76EEA /* Resources */ = {
			isa = PBXGroup;
			children = (
				98994D16288F033900E76EEA /* test_words.json */,
			);
			path = Resources;
			sourceTree = "<group>";
		};
		98BC795E288D3AB30048892E /* UI */ = {
			isa = PBXGroup;
			children = (
				98BC795F288D3ABA0048892E /* Game */,
			);
			path = UI;
			sourceTree = "<group>";
		};
		98BC795F288D3ABA0048892E /* Game */ = {
			isa = PBXGroup;
			children = (
				98BC7960288D3AD60048892E /* GameViewModelTests.swift */,
				98994D10288EFF7800E76EEA /* Result */,
			);
			path = Game;
			sourceTree = "<group>";
		};
/* End PBXGroup section */

/* Begin PBXNativeTarget section */
		9874AB23288BCB6200CC370D /* TranslateItApp */ = {
			isa = PBXNativeTarget;
			buildConfigurationList = 9874AB4E288BCB6400CC370D /* Build configuration list for PBXNativeTarget "TranslateItApp" */;
			buildPhases = (
				0E0956FD94D02611E2A7BFD2 /* [CP] Check Pods Manifest.lock */,
				9874AB20288BCB6200CC370D /* Sources */,
				9874AB21288BCB6200CC370D /* Frameworks */,
				9874AB22288BCB6200CC370D /* Resources */,
				779A1424332F662211E01C42 /* [CP] Embed Pods Frameworks */,
			);
			buildRules = (
			);
			dependencies = (
			);
			name = TranslateItApp;
			productName = TranslateItApp;
			productReference = 9874AB24288BCB6200CC370D /* TranslateItApp.app */;
			productType = "com.apple.product-type.application";
		};
		9874AB39288BCB6400CC370D /* TranslateItAppTests */ = {
			isa = PBXNativeTarget;
			buildConfigurationList = 9874AB51288BCB6400CC370D /* Build configuration list for PBXNativeTarget "TranslateItAppTests" */;
			buildPhases = (
				77EA600C0FAC0CCEDE62B043 /* [CP] Check Pods Manifest.lock */,
				9874AB36288BCB6400CC370D /* Sources */,
				9874AB37288BCB6400CC370D /* Frameworks */,
				9874AB38288BCB6400CC370D /* Resources */,
				3A249CED22F45FDFFB64B00C /* [CP] Embed Pods Frameworks */,
			);
			buildRules = (
			);
			dependencies = (
				9874AB3C288BCB6400CC370D /* PBXTargetDependency */,
			);
			name = TranslateItAppTests;
			productName = TranslateItAppTests;
			productReference = 9874AB3A288BCB6400CC370D /* TranslateItAppTests.xctest */;
			productType = "com.apple.product-type.bundle.unit-test";
		};
		9874AB43288BCB6400CC370D /* TranslateItAppUITests */ = {
			isa = PBXNativeTarget;
			buildConfigurationList = 9874AB54288BCB6400CC370D /* Build configuration list for PBXNativeTarget "TranslateItAppUITests" */;
			buildPhases = (
				9F1C7109DF750134B1B84446 /* [CP] Check Pods Manifest.lock */,
				9874AB40288BCB6400CC370D /* Sources */,
				9874AB41288BCB6400CC370D /* Frameworks */,
				9874AB42288BCB6400CC370D /* Resources */,
				C2ADD7A6BBDCDC624C454E03 /* [CP] Embed Pods Frameworks */,
			);
			buildRules = (
			);
			dependencies = (
				9874AB46288BCB6400CC370D /* PBXTargetDependency */,
			);
			name = TranslateItAppUITests;
			productName = TranslateItAppUITests;
			productReference = 9874AB44288BCB6400CC370D /* TranslateItAppUITests.xctest */;
			productType = "com.apple.product-type.bundle.ui-testing";
		};
/* End PBXNativeTarget section */

/* Begin PBXProject section */
		9874AB1C288BCB6200CC370D /* Project object */ = {
			isa = PBXProject;
			attributes = {
				BuildIndependentTargetsInParallel = 1;
				LastSwiftUpdateCheck = 1320;
				LastUpgradeCheck = 1320;
				TargetAttributes = {
					9874AB23288BCB6200CC370D = {
						CreatedOnToolsVersion = 13.2.1;
					};
					9874AB39288BCB6400CC370D = {
						CreatedOnToolsVersion = 13.2.1;
						TestTargetID = 9874AB23288BCB6200CC370D;
					};
					9874AB43288BCB6400CC370D = {
						CreatedOnToolsVersion = 13.2.1;
						TestTargetID = 9874AB23288BCB6200CC370D;
					};
				};
			};
			buildConfigurationList = 9874AB1F288BCB6200CC370D /* Build configuration list for PBXProject "TranslateItApp" */;
			compatibilityVersion = "Xcode 13.0";
			developmentRegion = en;
			hasScannedForEncodings = 0;
			knownRegions = (
				en,
				Base,
			);
			mainGroup = 9874AB1B288BCB6200CC370D;
			productRefGroup = 9874AB25288BCB6200CC370D /* Products */;
			projectDirPath = "";
			projectRoot = "";
			targets = (
				9874AB23288BCB6200CC370D /* TranslateItApp */,
				9874AB39288BCB6400CC370D /* TranslateItAppTests */,
				9874AB43288BCB6400CC370D /* TranslateItAppUITests */,
			);
		};
/* End PBXProject section */

/* Begin PBXResourcesBuildPhase section */
		9874AB22288BCB6200CC370D /* Resources */ = {
			isa = PBXResourcesBuildPhase;
			buildActionMask = 2147483647;
			files = (
				9874AB5B288BCF0000CC370D /* words.json in Resources */,
				9874AB31288BCB6400CC370D /* Assets.xcassets in Resources */,
				9874AB58288BCDC100CC370D /* README.md in Resources */,
			);
			runOnlyForDeploymentPostprocessing = 0;
		};
		9874AB38288BCB6400CC370D /* Resources */ = {
			isa = PBXResourcesBuildPhase;
			buildActionMask = 2147483647;
			files = (
				98994D17288F033E00E76EEA /* test_words.json in Resources */,
			);
			runOnlyForDeploymentPostprocessing = 0;
		};
		9874AB42288BCB6400CC370D /* Resources */ = {
			isa = PBXResourcesBuildPhase;
			buildActionMask = 2147483647;
			files = (
			);
			runOnlyForDeploymentPostprocessing = 0;
		};
/* End PBXResourcesBuildPhase section */

/* Begin PBXShellScriptBuildPhase section */
		0E0956FD94D02611E2A7BFD2 /* [CP] Check Pods Manifest.lock */ = {
			isa = PBXShellScriptBuildPhase;
			buildActionMask = 2147483647;
			files = (
			);
			inputFileListPaths = (
			);
			inputPaths = (
				"${PODS_PODFILE_DIR_PATH}/Podfile.lock",
				"${PODS_ROOT}/Manifest.lock",
			);
			name = "[CP] Check Pods Manifest.lock";
			outputFileListPaths = (
			);
			outputPaths = (
				"$(DERIVED_FILE_DIR)/Pods-TranslateItApp-checkManifestLockResult.txt",
			);
			runOnlyForDeploymentPostprocessing = 0;
			shellPath = /bin/sh;
			shellScript = "diff \"${PODS_PODFILE_DIR_PATH}/Podfile.lock\" \"${PODS_ROOT}/Manifest.lock\" > /dev/null\nif [ $? != 0 ] ; then\n    # print error to STDERR\n    echo \"error: The sandbox is not in sync with the Podfile.lock. Run 'pod install' or update your CocoaPods installation.\" >&2\n    exit 1\nfi\n# This output is used by Xcode 'outputs' to avoid re-running this script phase.\necho \"SUCCESS\" > \"${SCRIPT_OUTPUT_FILE_0}\"\n";
			showEnvVarsInLog = 0;
		};
		3A249CED22F45FDFFB64B00C /* [CP] Embed Pods Frameworks */ = {
			isa = PBXShellScriptBuildPhase;
			buildActionMask = 2147483647;
			files = (
			);
			inputFileListPaths = (
				"${PODS_ROOT}/Target Support Files/Pods-TranslateItAppTests/Pods-TranslateItAppTests-frameworks-${CONFIGURATION}-input-files.xcfilelist",
			);
			name = "[CP] Embed Pods Frameworks";
			outputFileListPaths = (
				"${PODS_ROOT}/Target Support Files/Pods-TranslateItAppTests/Pods-TranslateItAppTests-frameworks-${CONFIGURATION}-output-files.xcfilelist",
			);
			runOnlyForDeploymentPostprocessing = 0;
			shellPath = /bin/sh;
			shellScript = "\"${PODS_ROOT}/Target Support Files/Pods-TranslateItAppTests/Pods-TranslateItAppTests-frameworks.sh\"\n";
			showEnvVarsInLog = 0;
		};
		779A1424332F662211E01C42 /* [CP] Embed Pods Frameworks */ = {
			isa = PBXShellScriptBuildPhase;
			buildActionMask = 2147483647;
			files = (
			);
			inputFileListPaths = (
				"${PODS_ROOT}/Target Support Files/Pods-TranslateItApp/Pods-TranslateItApp-frameworks-${CONFIGURATION}-input-files.xcfilelist",
			);
			name = "[CP] Embed Pods Frameworks";
			outputFileListPaths = (
				"${PODS_ROOT}/Target Support Files/Pods-TranslateItApp/Pods-TranslateItApp-frameworks-${CONFIGURATION}-output-files.xcfilelist",
			);
			runOnlyForDeploymentPostprocessing = 0;
			shellPath = /bin/sh;
			shellScript = "\"${PODS_ROOT}/Target Support Files/Pods-TranslateItApp/Pods-TranslateItApp-frameworks.sh\"\n";
			showEnvVarsInLog = 0;
		};
		77EA600C0FAC0CCEDE62B043 /* [CP] Check Pods Manifest.lock */ = {
			isa = PBXShellScriptBuildPhase;
			buildActionMask = 2147483647;
			files = (
			);
			inputFileListPaths = (
			);
			inputPaths = (
				"${PODS_PODFILE_DIR_PATH}/Podfile.lock",
				"${PODS_ROOT}/Manifest.lock",
			);
			name = "[CP] Check Pods Manifest.lock";
			outputFileListPaths = (
			);
			outputPaths = (
				"$(DERIVED_FILE_DIR)/Pods-TranslateItAppTests-checkManifestLockResult.txt",
			);
			runOnlyForDeploymentPostprocessing = 0;
			shellPath = /bin/sh;
			shellScript = "diff \"${PODS_PODFILE_DIR_PATH}/Podfile.lock\" \"${PODS_ROOT}/Manifest.lock\" > /dev/null\nif [ $? != 0 ] ; then\n    # print error to STDERR\n    echo \"error: The sandbox is not in sync with the Podfile.lock. Run 'pod install' or update your CocoaPods installation.\" >&2\n    exit 1\nfi\n# This output is used by Xcode 'outputs' to avoid re-running this script phase.\necho \"SUCCESS\" > \"${SCRIPT_OUTPUT_FILE_0}\"\n";
			showEnvVarsInLog = 0;
		};
		9F1C7109DF750134B1B84446 /* [CP] Check Pods Manifest.lock */ = {
			isa = PBXShellScriptBuildPhase;
			buildActionMask = 2147483647;
			files = (
			);
			inputFileListPaths = (
			);
			inputPaths = (
				"${PODS_PODFILE_DIR_PATH}/Podfile.lock",
				"${PODS_ROOT}/Manifest.lock",
			);
			name = "[CP] Check Pods Manifest.lock";
			outputFileListPaths = (
			);
			outputPaths = (
				"$(DERIVED_FILE_DIR)/Pods-TranslateItApp-TranslateItAppUITests-checkManifestLockResult.txt",
			);
			runOnlyForDeploymentPostprocessing = 0;
			shellPath = /bin/sh;
			shellScript = "diff \"${PODS_PODFILE_DIR_PATH}/Podfile.lock\" \"${PODS_ROOT}/Manifest.lock\" > /dev/null\nif [ $? != 0 ] ; then\n    # print error to STDERR\n    echo \"error: The sandbox is not in sync with the Podfile.lock. Run 'pod install' or update your CocoaPods installation.\" >&2\n    exit 1\nfi\n# This output is used by Xcode 'outputs' to avoid re-running this script phase.\necho \"SUCCESS\" > \"${SCRIPT_OUTPUT_FILE_0}\"\n";
			showEnvVarsInLog = 0;
		};
		C2ADD7A6BBDCDC624C454E03 /* [CP] Embed Pods Frameworks */ = {
			isa = PBXShellScriptBuildPhase;
			buildActionMask = 2147483647;
			files = (
			);
			inputFileListPaths = (
				"${PODS_ROOT}/Target Support Files/Pods-TranslateItApp-TranslateItAppUITests/Pods-TranslateItApp-TranslateItAppUITests-frameworks-${CONFIGURATION}-input-files.xcfilelist",
			);
			name = "[CP] Embed Pods Frameworks";
			outputFileListPaths = (
				"${PODS_ROOT}/Target Support Files/Pods-TranslateItApp-TranslateItAppUITests/Pods-TranslateItApp-TranslateItAppUITests-frameworks-${CONFIGURATION}-output-files.xcfilelist",
			);
			runOnlyForDeploymentPostprocessing = 0;
			shellPath = /bin/sh;
			shellScript = "\"${PODS_ROOT}/Target Support Files/Pods-TranslateItApp-TranslateItAppUITests/Pods-TranslateItApp-TranslateItAppUITests-frameworks.sh\"\n";
			showEnvVarsInLog = 0;
		};
/* End PBXShellScriptBuildPhase section */

/* Begin PBXSourcesBuildPhase section */
		9874AB20288BCB6200CC370D /* Sources */ = {
			isa = PBXSourcesBuildPhase;
			buildActionMask = 2147483647;
			files = (
				9874AB64288BD69C00CC370D /* WordsMapper.swift in Sources */,
				9874AB2C288BCB6200CC370D /* GameViewController.swift in Sources */,
				9874AB6A288BEDC600CC370D /* GameDataProvider.swift in Sources */,
				9874AB60288BD06300CC370D /* WordPair.swift in Sources */,
				9874AB6F288C038900CC370D /* GameData.swift in Sources */,
				9874AB28288BCB6200CC370D /* AppDelegate.swift in Sources */,
				9874AB5E288BCFAA00CC370D /* WordListLoader.swift in Sources */,
				984107B4288EDEFA00F7D17F /* Constants.swift in Sources */,
				984107AE288EC83500F7D17F /* GameFlow.swift in Sources */,
				984107A9288EBB7C00F7D17F /* ResultVIewController.swift in Sources */,
				9874AB62288BD25E00CC370D /* LocalWordsLoader.swift in Sources */,
				9874AB6D288C034600CC370D /* GameViewModel.swift in Sources */,
				9874AB2A288BCB6200CC370D /* SceneDelegate.swift in Sources */,
				9874AB71288C03D600CC370D /* GameState.swift in Sources */,
				984107AB288EC0F300F7D17F /* ResultViewModel.swift in Sources */,
				984107B0288ECA0F00F7D17F /* GameUIComposer.swift in Sources */,
			);
			runOnlyForDeploymentPostprocessing = 0;
		};
		9874AB36288BCB6400CC370D /* Sources */ = {
			isa = PBXSourcesBuildPhase;
			buildActionMask = 2147483647;
			files = (
				98BC7961288D3AD60048892E /* GameViewModelTests.swift in Sources */,
				9874AB74288C1B5800CC370D /* WordsMapperTests.swift in Sources */,
				98994D14288F02BB00E76EEA /* LocalWordsLoaderTests.swift in Sources */,
				98994D0F288EFBC300E76EEA /* SceneDelegateTests.swift in Sources */,
				98994D12288EFF8F00E76EEA /* ResultViewModelTests.swift in Sources */,
			);
			runOnlyForDeploymentPostprocessing = 0;
		};
		9874AB40288BCB6400CC370D /* Sources */ = {
			isa = PBXSourcesBuildPhase;
			buildActionMask = 2147483647;
			files = (
				9874AB49288BCB6400CC370D /* TranslateItAppUITests.swift in Sources */,
			);
			runOnlyForDeploymentPostprocessing = 0;
		};
/* End PBXSourcesBuildPhase section */

/* Begin PBXTargetDependency section */
		9874AB3C288BCB6400CC370D /* PBXTargetDependency */ = {
			isa = PBXTargetDependency;
			target = 9874AB23288BCB6200CC370D /* TranslateItApp */;
			targetProxy = 9874AB3B288BCB6400CC370D /* PBXContainerItemProxy */;
		};
		9874AB46288BCB6400CC370D /* PBXTargetDependency */ = {
			isa = PBXTargetDependency;
			target = 9874AB23288BCB6200CC370D /* TranslateItApp */;
			targetProxy = 9874AB45288BCB6400CC370D /* PBXContainerItemProxy */;
		};
/* End PBXTargetDependency section */

/* Begin XCBuildConfiguration section */
		9874AB4C288BCB6400CC370D /* Debug */ = {
			isa = XCBuildConfiguration;
			buildSettings = {
				ALWAYS_SEARCH_USER_PATHS = NO;
				CLANG_ANALYZER_NONNULL = YES;
				CLANG_ANALYZER_NUMBER_OBJECT_CONVERSION = YES_AGGRESSIVE;
				CLANG_CXX_LANGUAGE_STANDARD = "gnu++17";
				CLANG_CXX_LIBRARY = "libc++";
				CLANG_ENABLE_MODULES = YES;
				CLANG_ENABLE_OBJC_ARC = YES;
				CLANG_ENABLE_OBJC_WEAK = YES;
				CLANG_WARN_BLOCK_CAPTURE_AUTORELEASING = YES;
				CLANG_WARN_BOOL_CONVERSION = YES;
				CLANG_WARN_COMMA = YES;
				CLANG_WARN_CONSTANT_CONVERSION = YES;
				CLANG_WARN_DEPRECATED_OBJC_IMPLEMENTATIONS = YES;
				CLANG_WARN_DIRECT_OBJC_ISA_USAGE = YES_ERROR;
				CLANG_WARN_DOCUMENTATION_COMMENTS = YES;
				CLANG_WARN_EMPTY_BODY = YES;
				CLANG_WARN_ENUM_CONVERSION = YES;
				CLANG_WARN_INFINITE_RECURSION = YES;
				CLANG_WARN_INT_CONVERSION = YES;
				CLANG_WARN_NON_LITERAL_NULL_CONVERSION = YES;
				CLANG_WARN_OBJC_IMPLICIT_RETAIN_SELF = YES;
				CLANG_WARN_OBJC_LITERAL_CONVERSION = YES;
				CLANG_WARN_OBJC_ROOT_CLASS = YES_ERROR;
				CLANG_WARN_QUOTED_INCLUDE_IN_FRAMEWORK_HEADER = YES;
				CLANG_WARN_RANGE_LOOP_ANALYSIS = YES;
				CLANG_WARN_STRICT_PROTOTYPES = YES;
				CLANG_WARN_SUSPICIOUS_MOVE = YES;
				CLANG_WARN_UNGUARDED_AVAILABILITY = YES_AGGRESSIVE;
				CLANG_WARN_UNREACHABLE_CODE = YES;
				CLANG_WARN__DUPLICATE_METHOD_MATCH = YES;
				COPY_PHASE_STRIP = NO;
				DEBUG_INFORMATION_FORMAT = dwarf;
				ENABLE_STRICT_OBJC_MSGSEND = YES;
				ENABLE_TESTABILITY = YES;
				GCC_C_LANGUAGE_STANDARD = gnu11;
				GCC_DYNAMIC_NO_PIC = NO;
				GCC_NO_COMMON_BLOCKS = YES;
				GCC_OPTIMIZATION_LEVEL = 0;
				GCC_PREPROCESSOR_DEFINITIONS = (
					"DEBUG=1",
					"$(inherited)",
				);
				GCC_WARN_64_TO_32_BIT_CONVERSION = YES;
				GCC_WARN_ABOUT_RETURN_TYPE = YES_ERROR;
				GCC_WARN_UNDECLARED_SELECTOR = YES;
				GCC_WARN_UNINITIALIZED_AUTOS = YES_AGGRESSIVE;
				GCC_WARN_UNUSED_FUNCTION = YES;
				GCC_WARN_UNUSED_VARIABLE = YES;
				IPHONEOS_DEPLOYMENT_TARGET = 15.2;
				MTL_ENABLE_DEBUG_INFO = INCLUDE_SOURCE;
				MTL_FAST_MATH = YES;
				ONLY_ACTIVE_ARCH = YES;
				SDKROOT = iphoneos;
				SWIFT_ACTIVE_COMPILATION_CONDITIONS = DEBUG;
				SWIFT_OPTIMIZATION_LEVEL = "-Onone";
			};
			name = Debug;
		};
		9874AB4D288BCB6400CC370D /* Release */ = {
			isa = XCBuildConfiguration;
			buildSettings = {
				ALWAYS_SEARCH_USER_PATHS = NO;
				CLANG_ANALYZER_NONNULL = YES;
				CLANG_ANALYZER_NUMBER_OBJECT_CONVERSION = YES_AGGRESSIVE;
				CLANG_CXX_LANGUAGE_STANDARD = "gnu++17";
				CLANG_CXX_LIBRARY = "libc++";
				CLANG_ENABLE_MODULES = YES;
				CLANG_ENABLE_OBJC_ARC = YES;
				CLANG_ENABLE_OBJC_WEAK = YES;
				CLANG_WARN_BLOCK_CAPTURE_AUTORELEASING = YES;
				CLANG_WARN_BOOL_CONVERSION = YES;
				CLANG_WARN_COMMA = YES;
				CLANG_WARN_CONSTANT_CONVERSION = YES;
				CLANG_WARN_DEPRECATED_OBJC_IMPLEMENTATIONS = YES;
				CLANG_WARN_DIRECT_OBJC_ISA_USAGE = YES_ERROR;
				CLANG_WARN_DOCUMENTATION_COMMENTS = YES;
				CLANG_WARN_EMPTY_BODY = YES;
				CLANG_WARN_ENUM_CONVERSION = YES;
				CLANG_WARN_INFINITE_RECURSION = YES;
				CLANG_WARN_INT_CONVERSION = YES;
				CLANG_WARN_NON_LITERAL_NULL_CONVERSION = YES;
				CLANG_WARN_OBJC_IMPLICIT_RETAIN_SELF = YES;
				CLANG_WARN_OBJC_LITERAL_CONVERSION = YES;
				CLANG_WARN_OBJC_ROOT_CLASS = YES_ERROR;
				CLANG_WARN_QUOTED_INCLUDE_IN_FRAMEWORK_HEADER = YES;
				CLANG_WARN_RANGE_LOOP_ANALYSIS = YES;
				CLANG_WARN_STRICT_PROTOTYPES = YES;
				CLANG_WARN_SUSPICIOUS_MOVE = YES;
				CLANG_WARN_UNGUARDED_AVAILABILITY = YES_AGGRESSIVE;
				CLANG_WARN_UNREACHABLE_CODE = YES;
				CLANG_WARN__DUPLICATE_METHOD_MATCH = YES;
				COPY_PHASE_STRIP = NO;
				DEBUG_INFORMATION_FORMAT = "dwarf-with-dsym";
				ENABLE_NS_ASSERTIONS = NO;
				ENABLE_STRICT_OBJC_MSGSEND = YES;
				GCC_C_LANGUAGE_STANDARD = gnu11;
				GCC_NO_COMMON_BLOCKS = YES;
				GCC_WARN_64_TO_32_BIT_CONVERSION = YES;
				GCC_WARN_ABOUT_RETURN_TYPE = YES_ERROR;
				GCC_WARN_UNDECLARED_SELECTOR = YES;
				GCC_WARN_UNINITIALIZED_AUTOS = YES_AGGRESSIVE;
				GCC_WARN_UNUSED_FUNCTION = YES;
				GCC_WARN_UNUSED_VARIABLE = YES;
				IPHONEOS_DEPLOYMENT_TARGET = 15.2;
				MTL_ENABLE_DEBUG_INFO = NO;
				MTL_FAST_MATH = YES;
				SDKROOT = iphoneos;
				SWIFT_COMPILATION_MODE = wholemodule;
				SWIFT_OPTIMIZATION_LEVEL = "-O";
				VALIDATE_PRODUCT = YES;
			};
			name = Release;
		};
		9874AB4F288BCB6400CC370D /* Debug */ = {
			isa = XCBuildConfiguration;
			baseConfigurationReference = 9CEBAEA74877631A8B3BA921 /* Pods-TranslateItApp.debug.xcconfig */;
			buildSettings = {
				ASSETCATALOG_COMPILER_APPICON_NAME = AppIcon;
				ASSETCATALOG_COMPILER_GLOBAL_ACCENT_COLOR_NAME = AccentColor;
				CODE_SIGN_STYLE = Automatic;
				CURRENT_PROJECT_VERSION = 1;
				GENERATE_INFOPLIST_FILE = YES;
				INFOPLIST_FILE = TranslateItApp/Info.plist;
				INFOPLIST_KEY_UIApplicationSupportsIndirectInputEvents = YES;
				INFOPLIST_KEY_UILaunchStoryboardName = LaunchScreen;
				INFOPLIST_KEY_UISupportedInterfaceOrientations_iPad = "UIInterfaceOrientationPortrait UIInterfaceOrientationPortraitUpsideDown UIInterfaceOrientationLandscapeLeft UIInterfaceOrientationLandscapeRight";
				INFOPLIST_KEY_UISupportedInterfaceOrientations_iPhone = "UIInterfaceOrientationPortrait UIInterfaceOrientationLandscapeLeft UIInterfaceOrientationLandscapeRight";
				LD_RUNPATH_SEARCH_PATHS = (
					"$(inherited)",
					"@executable_path/Frameworks",
				);
				MARKETING_VERSION = 1.0;
				PRODUCT_BUNDLE_IDENTIFIER = com.arjundangal.TranslateItApp;
				PRODUCT_NAME = "$(TARGET_NAME)";
				SWIFT_EMIT_LOC_STRINGS = YES;
				SWIFT_VERSION = 5.0;
				TARGETED_DEVICE_FAMILY = "1,2";
			};
			name = Debug;
		};
		9874AB50288BCB6400CC370D /* Release */ = {
			isa = XCBuildConfiguration;
			baseConfigurationReference = 9B7AFBC125AEA92E3A637591 /* Pods-TranslateItApp.release.xcconfig */;
			buildSettings = {
				ASSETCATALOG_COMPILER_APPICON_NAME = AppIcon;
				ASSETCATALOG_COMPILER_GLOBAL_ACCENT_COLOR_NAME = AccentColor;
				CODE_SIGN_STYLE = Automatic;
				CURRENT_PROJECT_VERSION = 1;
				GENERATE_INFOPLIST_FILE = YES;
				INFOPLIST_FILE = TranslateItApp/Info.plist;
				INFOPLIST_KEY_UIApplicationSupportsIndirectInputEvents = YES;
				INFOPLIST_KEY_UILaunchStoryboardName = LaunchScreen;
				INFOPLIST_KEY_UISupportedInterfaceOrientations_iPad = "UIInterfaceOrientationPortrait UIInterfaceOrientationPortraitUpsideDown UIInterfaceOrientationLandscapeLeft UIInterfaceOrientationLandscapeRight";
				INFOPLIST_KEY_UISupportedInterfaceOrientations_iPhone = "UIInterfaceOrientationPortrait UIInterfaceOrientationLandscapeLeft UIInterfaceOrientationLandscapeRight";
				LD_RUNPATH_SEARCH_PATHS = (
					"$(inherited)",
					"@executable_path/Frameworks",
				);
				MARKETING_VERSION = 1.0;
				PRODUCT_BUNDLE_IDENTIFIER = com.arjundangal.TranslateItApp;
				PRODUCT_NAME = "$(TARGET_NAME)";
				SWIFT_EMIT_LOC_STRINGS = YES;
				SWIFT_VERSION = 5.0;
				TARGETED_DEVICE_FAMILY = "1,2";
			};
			name = Release;
		};
		9874AB52288BCB6400CC370D /* Debug */ = {
			isa = XCBuildConfiguration;
			baseConfigurationReference = 047D487609862EAFD565984B /* Pods-TranslateItAppTests.debug.xcconfig */;
			buildSettings = {
				ALWAYS_EMBED_SWIFT_STANDARD_LIBRARIES = YES;
				BUNDLE_LOADER = "$(TEST_HOST)";
				CODE_SIGN_STYLE = Automatic;
				CURRENT_PROJECT_VERSION = 1;
				GENERATE_INFOPLIST_FILE = YES;
				IPHONEOS_DEPLOYMENT_TARGET = 15.2;
				MARKETING_VERSION = 1.0;
				PRODUCT_BUNDLE_IDENTIFIER = com.arjundangal.TranslateItAppTests;
				PRODUCT_NAME = "$(TARGET_NAME)";
				SWIFT_EMIT_LOC_STRINGS = NO;
				SWIFT_VERSION = 5.0;
				TARGETED_DEVICE_FAMILY = "1,2";
				TEST_HOST = "$(BUILT_PRODUCTS_DIR)/TranslateItApp.app/TranslateItApp";
			};
			name = Debug;
		};
		9874AB53288BCB6400CC370D /* Release */ = {
			isa = XCBuildConfiguration;
			baseConfigurationReference = B33331B5D364824DC26CE91D /* Pods-TranslateItAppTests.release.xcconfig */;
			buildSettings = {
				ALWAYS_EMBED_SWIFT_STANDARD_LIBRARIES = YES;
				BUNDLE_LOADER = "$(TEST_HOST)";
				CODE_SIGN_STYLE = Automatic;
				CURRENT_PROJECT_VERSION = 1;
				GENERATE_INFOPLIST_FILE = YES;
				IPHONEOS_DEPLOYMENT_TARGET = 15.2;
				MARKETING_VERSION = 1.0;
				PRODUCT_BUNDLE_IDENTIFIER = com.arjundangal.TranslateItAppTests;
				PRODUCT_NAME = "$(TARGET_NAME)";
				SWIFT_EMIT_LOC_STRINGS = NO;
				SWIFT_VERSION = 5.0;
				TARGETED_DEVICE_FAMILY = "1,2";
				TEST_HOST = "$(BUILT_PRODUCTS_DIR)/TranslateItApp.app/TranslateItApp";
			};
			name = Release;
		};
		9874AB55288BCB6400CC370D /* Debug */ = {
			isa = XCBuildConfiguration;
			baseConfigurationReference = ED809BD66002D3FA6CFD5517 /* Pods-TranslateItApp-TranslateItAppUITests.debug.xcconfig */;
			buildSettings = {
				ALWAYS_EMBED_SWIFT_STANDARD_LIBRARIES = YES;
				CODE_SIGN_STYLE = Automatic;
				CURRENT_PROJECT_VERSION = 1;
				GENERATE_INFOPLIST_FILE = YES;
				MARKETING_VERSION = 1.0;
				PRODUCT_BUNDLE_IDENTIFIER = com.arjundangal.TranslateItAppUITests;
				PRODUCT_NAME = "$(TARGET_NAME)";
				SWIFT_EMIT_LOC_STRINGS = NO;
				SWIFT_VERSION = 5.0;
				TARGETED_DEVICE_FAMILY = "1,2";
				TEST_TARGET_NAME = TranslateItApp;
			};
			name = Debug;
		};
		9874AB56288BCB6400CC370D /* Release */ = {
			isa = XCBuildConfiguration;
			baseConfigurationReference = 4CC0610D2F8086E9A628F43B /* Pods-TranslateItApp-TranslateItAppUITests.release.xcconfig */;
			buildSettings = {
				ALWAYS_EMBED_SWIFT_STANDARD_LIBRARIES = YES;
				CODE_SIGN_STYLE = Automatic;
				CURRENT_PROJECT_VERSION = 1;
				GENERATE_INFOPLIST_FILE = YES;
				MARKETING_VERSION = 1.0;
				PRODUCT_BUNDLE_IDENTIFIER = com.arjundangal.TranslateItAppUITests;
				PRODUCT_NAME = "$(TARGET_NAME)";
				SWIFT_EMIT_LOC_STRINGS = NO;
				SWIFT_VERSION = 5.0;
				TARGETED_DEVICE_FAMILY = "1,2";
				TEST_TARGET_NAME = TranslateItApp;
			};
			name = Release;
		};
/* End XCBuildConfiguration section */

/* Begin XCConfigurationList section */
		9874AB1F288BCB6200CC370D /* Build configuration list for PBXProject "TranslateItApp" */ = {
			isa = XCConfigurationList;
			buildConfigurations = (
				9874AB4C288BCB6400CC370D /* Debug */,
				9874AB4D288BCB6400CC370D /* Release */,
			);
			defaultConfigurationIsVisible = 0;
			defaultConfigurationName = Release;
		};
		9874AB4E288BCB6400CC370D /* Build configuration list for PBXNativeTarget "TranslateItApp" */ = {
			isa = XCConfigurationList;
			buildConfigurations = (
				9874AB4F288BCB6400CC370D /* Debug */,
				9874AB50288BCB6400CC370D /* Release */,
			);
			defaultConfigurationIsVisible = 0;
			defaultConfigurationName = Release;
		};
		9874AB51288BCB6400CC370D /* Build configuration list for PBXNativeTarget "TranslateItAppTests" */ = {
			isa = XCConfigurationList;
			buildConfigurations = (
				9874AB52288BCB6400CC370D /* Debug */,
				9874AB53288BCB6400CC370D /* Release */,
			);
			defaultConfigurationIsVisible = 0;
			defaultConfigurationName = Release;
		};
		9874AB54288BCB6400CC370D /* Build configuration list for PBXNativeTarget "TranslateItAppUITests" */ = {
			isa = XCConfigurationList;
			buildConfigurations = (
				9874AB55288BCB6400CC370D /* Debug */,
				9874AB56288BCB6400CC370D /* Release */,
			);
			defaultConfigurationIsVisible = 0;
			defaultConfigurationName = Release;
		};
/* End XCConfigurationList section */
	};
	rootObject = 9874AB1C288BCB6200CC370D /* Project object */;
}
